dependencies:
  '@semibran/fs-tree': 1.1.0
  minimist: 1.2.5
  pixie: 2.0.0
lockfileVersion: 5.1
packages:
  /@semibran/fs-tree/1.1.0:
    dev: false
    resolution:
      integrity: sha512-FKOZpblEXwS50HoJP5ZEZ9CzhybIp06kKlCqxQLd7iwDUREUp6rslCkYC9x/zrdzV3qWtD4Rb3SSTMuMp88dSA==
  /minimist/1.2.5:
    dev: false
    resolution:
      integrity: sha512-FM9nNUYrRBAELZQT3xeZQ7fmMOBg6nWNmJKTcgsJeaLstP/UODVpGsr5OhXhhXg6f+qtJ8uiZ+PUxkDWcgIXLw==
  /pixie/2.0.0:
    dev: false
    engines:
      node: '>=4'
    resolution:
      integrity: sha512-tXOSkDwIkCRjPR/SdZ3jitXq7GGIWgctseSnw9y1QIx+j4VoiY2WyTwvCM/NVA292QWq/J3SBFL0K3QGAEX9Mg==
specifiers:
  '@semibran/fs-tree': ^1.1.0
  minimist: ^1.2.0
  pixie: ^2.0.0
